
Microsoft Visual Studio Solution File, Format Version 12.00
# Visual Studio Version 17
VisualStudioVersion = 17.10.34928.147
MinimumVisualStudioVersion = 10.0.40219.1
Project("{FAE04EC0-301F-11D3-BF4B-00C04F79EFBC}") = "AppointmentScheduler", "AppointmentScheduler\AppointmentScheduler.csproj", "{60DA9942-A8EB-4B67-AC93-31C64CB126DC}"
EndProject
Global
	GlobalSection(SolutionConfigurationPlatforms) = preSolution
		Debug|Any CPU = Debug|Any CPU
		Release|Any CPU = Release|Any CPU
	EndGlobalSection
	GlobalSection(ProjectConfigurationPlatforms) = postSolution
		{60DA9942-A8EB-4B67-AC93-31C64CB126DC}.Debug|Any CPU.ActiveCfg = Debug|Any CPU
		{60DA9942-A8EB-4B67-AC93-31C64CB126DC}.Debug|Any CPU.Build.0 = Debug|Any CPU
		{60DA9942-A8EB-4B67-AC93-31C64CB126DC}.Release|Any CPU.ActiveCfg = Release|Any CPU
		{60DA9942-A8EB-4B67-AC93-31C64CB126DC}.Release|Any CPU.Build.0 = Release|Any CPU
	EndGlobalSection
	GlobalSection(SolutionProperties) = preSolution
		HideSolutionNode = FALSE
	EndGlobalSection
	GlobalSection(ExtensibilityGlobals) = postSolution
		SolutionGuid = {AAAFFF99-D1E2-4C6B-B83F-CEA80EE7C99D}
	EndGlobalSection
EndGlobal
